
Microsoft Visual Studio Solution File, Format Version 12.00
# Visual Studio Version 17
VisualStudioVersion = 17.8.34525.116
MinimumVisualStudioVersion = 10.0.40219.1
Project("{FAE04EC0-301F-11D3-BF4B-00C04F79EFBC}") = "MauiAppCombustivel", "MauiAppCombustivel\MauiAppCombustivel.csproj", "{83627DE4-CDA6-44FC-A287-ACA3EF0C944E}"
EndProject
Global
	GlobalSection(SolutionConfigurationPlatforms) = preSolution
		Debug|Any CPU = Debug|Any CPU
		Release|Any CPU = Release|Any CPU
	EndGlobalSection
	GlobalSection(ProjectConfigurationPlatforms) = postSolution
		{83627DE4-CDA6-44FC-A287-ACA3EF0C944E}.Debug|Any CPU.ActiveCfg = Debug|Any CPU
		{83627DE4-CDA6-44FC-A287-ACA3EF0C944E}.Debug|Any CPU.Build.0 = Debug|Any CPU
		{83627DE4-CDA6-44FC-A287-ACA3EF0C944E}.Debug|Any CPU.Deploy.0 = Debug|Any CPU
		{83627DE4-CDA6-44FC-A287-ACA3EF0C944E}.Release|Any CPU.ActiveCfg = Release|Any CPU
		{83627DE4-CDA6-44FC-A287-ACA3EF0C944E}.Release|Any CPU.Build.0 = Release|Any CPU
		{83627DE4-CDA6-44FC-A287-ACA3EF0C944E}.Release|Any CPU.Deploy.0 = Release|Any CPU
	EndGlobalSection
	GlobalSection(SolutionProperties) = preSolution
		HideSolutionNode = FALSE
	EndGlobalSection
	GlobalSection(ExtensibilityGlobals) = postSolution
		SolutionGuid = {F948891F-52BC-485F-8C96-945B08F5C63A}
	EndGlobalSection
EndGlobal
